{
  "version": 4,
  "terraform_version": "1.1.8",
  "serial": 27,
  "lineage": "840be9b5-bfc3-09da-4148-31814087f40f",
  "outputs": {
    "kubernetes_cluster_host": {
      "value": "35.192.175.112",
      "type": "string"
    },
    "kubernetes_cluster_name": {
      "value": "test10apr2022-gke",
      "type": "string"
    },
    "project_id": {
      "value": "test10apr2022",
      "type": "string"
    },
    "region": {
      "value": "us-central1",
      "type": "string"
    }
  },
  "resources": [
    {
      "mode": "managed",
      "type": "google_compute_network",
      "name": "vpc",
      "provider": "provider[\"registry.terraform.io/hashicorp/google\"]",
      "instances": [
        {
          "schema_version": 0,
          "attributes": {
            "auto_create_subnetworks": false,
            "delete_default_routes_on_create": false,
            "description": "",
            "gateway_ipv4": "",
            "id": "projects/test10apr2022/global/networks/test10apr2022-vpc",
            "mtu": 0,
            "name": "test10apr2022-vpc",
            "project": "test10apr2022",
            "routing_mode": "REGIONAL",
            "self_link": "https://www.googleapis.com/compute/v1/projects/test10apr2022/global/networks/test10apr2022-vpc",
            "timeouts": null
          },
          "sensitive_attributes": [],
          "private": "eyJlMmJmYjczMC1lY2FhLTExZTYtOGY4OC0zNDM2M2JjN2M0YzAiOnsiY3JlYXRlIjoxMjAwMDAwMDAwMDAwLCJkZWxldGUiOjEyMDAwMDAwMDAwMDAsInVwZGF0ZSI6MTIwMDAwMDAwMDAwMH19"
        }
      ]
    },
    {
      "mode": "managed",
      "type": "google_compute_subnetwork",
      "name": "subnet",
      "provider": "provider[\"registry.terraform.io/hashicorp/google\"]",
      "instances": [
        {
          "schema_version": 0,
          "attributes": {
            "creation_timestamp": "2022-06-15T05:58:32.791-07:00",
            "description": "",
            "external_ipv6_prefix": "",
            "fingerprint": null,
            "gateway_address": "10.10.0.1",
            "id": "projects/test10apr2022/regions/us-central1/subnetworks/test10apr2022-subnet",
            "ip_cidr_range": "10.10.0.0/24",
            "ipv6_access_type": "",
            "ipv6_cidr_range": "",
            "log_config": [],
            "name": "test10apr2022-subnet",
            "network": "https://www.googleapis.com/compute/v1/projects/test10apr2022/global/networks/test10apr2022-vpc",
            "private_ip_google_access": false,
            "private_ipv6_google_access": "DISABLE_GOOGLE_ACCESS",
            "project": "test10apr2022",
            "purpose": "PRIVATE",
            "region": "us-central1",
            "role": "",
            "secondary_ip_range": [],
            "self_link": "https://www.googleapis.com/compute/v1/projects/test10apr2022/regions/us-central1/subnetworks/test10apr2022-subnet",
            "stack_type": "IPV4_ONLY",
            "timeouts": null
          },
          "sensitive_attributes": [],
          "private": "eyJlMmJmYjczMC1lY2FhLTExZTYtOGY4OC0zNDM2M2JjN2M0YzAiOnsiY3JlYXRlIjoxMjAwMDAwMDAwMDAwLCJkZWxldGUiOjEyMDAwMDAwMDAwMDAsInVwZGF0ZSI6MTIwMDAwMDAwMDAwMH19",
          "dependencies": [
            "google_compute_network.vpc"
          ]
        }
      ]
    },
    {
      "mode": "managed",
      "type": "google_container_cluster",
      "name": "primary",
      "provider": "provider[\"registry.terraform.io/hashicorp/google\"]",
      "instances": [
        {
          "schema_version": 1,
          "attributes": {
            "addons_config": [
              {
                "cloudrun_config": [],
                "gcp_filestore_csi_driver_config": [],
                "horizontal_pod_autoscaling": [],
                "http_load_balancing": [],
                "network_policy_config": [
                  {
                    "disabled": true
                  }
                ]
              }
            ],
            "authenticator_groups_config": [],
            "cluster_autoscaling": [
              {
                "auto_provisioning_defaults": [],
                "enabled": false,
                "resource_limits": []
              }
            ],
            "cluster_ipv4_cidr": "10.220.0.0/14",
            "confidential_nodes": [],
            "database_encryption": [
              {
                "key_name": "",
                "state": "DECRYPTED"
              }
            ],
            "datapath_provider": "",
            "default_max_pods_per_node": null,
            "default_snat_status": [
              {
                "disabled": false
              }
            ],
            "description": "",
            "dns_config": [],
            "enable_autopilot": false,
            "enable_binary_authorization": false,
            "enable_intranode_visibility": false,
            "enable_kubernetes_alpha": false,
            "enable_legacy_abac": false,
            "enable_shielded_nodes": true,
            "enable_tpu": false,
            "endpoint": "35.192.175.112",
            "id": "projects/test10apr2022/locations/us-central1/clusters/test10apr2022-gke",
            "initial_node_count": 1,
            "ip_allocation_policy": [],
            "label_fingerprint": "a9dc16a7",
            "location": "us-central1",
            "logging_config": [
              {
                "enable_components": [
                  "SYSTEM_COMPONENTS",
                  "WORKLOADS"
                ]
              }
            ],
            "logging_service": "logging.googleapis.com/kubernetes",
            "maintenance_policy": [],
            "master_auth": [
              {
                "client_certificate": "",
                "client_certificate_config": [
                  {
                    "issue_client_certificate": false
                  }
                ],
                "client_key": "",
                "cluster_ca_certificate": "LS0tLS1CRUdJTiBDRVJUSUZJQ0FURS0tLS0tCk1JSUVMRENDQXBTZ0F3SUJBZ0lRVkd3OEh5SUd4bEUrQ2VUQm5hT3BxREFOQmdrcWhraUc5dzBCQVFzRkFEQXYKTVMwd0t3WURWUVFERXlSbU1qZzBOMk5qT1MwME5qRTFMVFEwTkRndFlUVXhaUzFqTmpZM1pqSXpabU5sTVRndwpJQmNOTWpJd05qRTFNVEUxT0RVMldoZ1BNakExTWpBMk1EY3hNalU0TlRaYU1DOHhMVEFyQmdOVkJBTVRKR1l5Ck9EUTNZMk01TFRRMk1UVXRORFEwT0MxaE5URmxMV00yTmpkbU1qTm1ZMlV4T0RDQ0FhSXdEUVlKS29aSWh2Y04KQVFFQkJRQURnZ0dQQURDQ0FZb0NnZ0dCQUsxUVUvR2ZCL0ZMaWo3U005UmJveG50MVlhSU50Tkc5MlNLeE9RaQp5VlVWTmNOWVZ0SG1Sb1JlaFBFTGttZSs1azl1c2Qwc1N5NS9VdE1YeU9XRjNrU0pGQldCWUllMkRxVll4ZkJ0CmZSRVFxSy9DYnN5N2dPM0RMOEZsczMvZ0c3M25ybzJOZm1wenNpYnVab2tuODJhOFpGYmhIK3ZPSjBpVnl5aUUKT3E2T2ZNcW1aQWpUUzk0bFUvUGNLMVBzNTVIbTRVaWtXWUlmMlFJQnZKVkxMWFhMY1dSRFVqdUJUZ2QrZ0FYZQpvT3ViZC9VNGM4ZG13TElDbVd0alBmQ3V0TWt2S3ZPYzFLMyt5Q2l1U21Id0pkMWF1YkRXTEpnSkptSkRIY04wCmNsSWthYlM1UElQUkFrL3AvckwvMUh0SEgrQmJqTXlYMHNEUmpLVXZDZFE0bHVZQ2k3cmc0d244U0FCRTB3VUYKTzIvQTZWZGwxQmVLVzQzL2dxV1lMTnlsbkFMYTRlNDFISmtWaHh5QjV6ejluTWFycFAzbDNwR2ZESzBrOVBwdQpZSy9WQTdpOFRNVEVoYzJQeU5HY3o2TjFuYW82MmdGYUFxUXQ4Rmp4L1hzdndZWjM2RllWZklJQW1MS1cwRTJkCjZMWWVtQkJXWHhKSVM3dWhNU1QyTFJrNzZRSURBUUFCbzBJd1FEQU9CZ05WSFE4QkFmOEVCQU1DQWdRd0R3WUQKVlIwVEFRSC9CQVV3QXdFQi96QWRCZ05WSFE0RUZnUVU4SEtjSm1BaE1wUXZXUTNCekVyZVN1UC9hVU13RFFZSgpLb1pJaHZjTkFRRUxCUUFEZ2dHQkFCQmVxUlZxdEJJdDBHdnVPVzJ4MEVBS2xmQkRtb282OGRNVG93NWR3TVJECldRK096Y3JQNWpvSFZXbW5rekthSlYyVzJsZEJWcEcydnRhRGpyblhDZWRJSW9qbzRZSVNNTENDdDI1TWd4TjkKNmFZdVZ4SysvM2hkMklMNGpyejlxeGpzVFFFZDFKZktFbzZpMGR0SGUwVy9aZnJFVGpuV1VBUHdlRUVScjA2dApETDlZYllFNVFMZkttVW81QiswYUtHekRnbTQzTGVwWSs1QXh4aWIvcmY0ODNKZzBHYkFzU2VCaU5jM05UUXhhCjBzN2NZaSszaTNKS3VuMzUwNnZzd1J5UFB1aVJVbnNXdzRVbE5iZUNCZHQ3d2hPajEvWm9VbW1IQndGMG8xeDkKc0tCRFZSRjFHdHprcXhDbWJLZVBmSW91Vjh1cjFQdFlGMmNRYTlvNXpIZzIrdzB6QzNia2t4UXArREdOdTgzdgpLb05HdUx6MVdRU1hRS2gvbTBBUnA4VVNSelE1emRnbXFWZDJsQ0M0aStjNElFWGJBU1U2alJ6bDJIM0NzeEQ2CllxNGh6OVVlcUYrWWt0MkdFV01udG5Bc2lib0dPVE00cjNlRVI5cGxPdTNSM2RERzRDRFp5WVhZcjBaQ0FLZkcKaERtZFVYc3REaTF5VmJqN1dmcW5OQT09Ci0tLS0tRU5EIENFUlRJRklDQVRFLS0tLS0K"
              }
            ],
            "master_authorized_networks_config": [],
            "master_version": "1.22.8-gke.201",
            "min_master_version": null,
            "monitoring_config": [
              {
                "enable_components": [
                  "SYSTEM_COMPONENTS"
                ]
              }
            ],
            "monitoring_service": "monitoring.googleapis.com/kubernetes",
            "name": "test10apr2022-gke",
            "network": "projects/test10apr2022/global/networks/test10apr2022-vpc",
            "network_policy": [
              {
                "enabled": false,
                "provider": "PROVIDER_UNSPECIFIED"
              }
            ],
            "networking_mode": "ROUTES",
            "node_config": [],
            "node_locations": [
              "us-central1-b",
              "us-central1-c",
              "us-central1-f"
            ],
            "node_pool": [],
            "node_version": "1.22.8-gke.201",
            "operation": null,
            "private_cluster_config": [],
            "private_ipv6_google_access": "",
            "project": "test10apr2022",
            "release_channel": [
              {
                "channel": "REGULAR"
              }
            ],
            "remove_default_node_pool": true,
            "resource_labels": {},
            "resource_usage_export_config": [],
            "self_link": "https://container.googleapis.com/v1/projects/test10apr2022/locations/us-central1/clusters/test10apr2022-gke",
            "services_ipv4_cidr": "10.223.240.0/20",
            "subnetwork": "projects/test10apr2022/regions/us-central1/subnetworks/test10apr2022-subnet",
            "timeouts": null,
            "tpu_ipv4_cidr_block": "",
            "vertical_pod_autoscaling": [],
            "workload_identity_config": []
          },
          "sensitive_attributes": [],
          "private": "eyJlMmJmYjczMC1lY2FhLTExZTYtOGY4OC0zNDM2M2JjN2M0YzAiOnsiY3JlYXRlIjoyNDAwMDAwMDAwMDAwLCJkZWxldGUiOjI0MDAwMDAwMDAwMDAsInJlYWQiOjI0MDAwMDAwMDAwMDAsInVwZGF0ZSI6MzYwMDAwMDAwMDAwMH0sInNjaGVtYV92ZXJzaW9uIjoiMSJ9",
          "dependencies": [
            "google_compute_network.vpc",
            "google_compute_subnetwork.subnet"
          ]
        }
      ]
    },
    {
      "mode": "managed",
      "type": "google_container_node_pool",
      "name": "primary_nodes",
      "provider": "provider[\"registry.terraform.io/hashicorp/google\"]",
      "instances": [
        {
          "schema_version": 1,
          "attributes": {
            "autoscaling": [],
            "cluster": "test10apr2022-gke",
            "id": "projects/test10apr2022/locations/us-central1/clusters/test10apr2022-gke/nodePools/test10apr2022-gke-node-pool",
            "initial_node_count": 2,
            "instance_group_urls": [
              "https://www.googleapis.com/compute/v1/projects/test10apr2022/zones/us-central1-b/instanceGroupManagers/gke-test10apr2022-gk-test10apr2022-gk-5b5cf860-grp"
            ],
            "location": "us-central1",
            "managed_instance_group_urls": [
              "https://www.googleapis.com/compute/v1/projects/test10apr2022/zones/us-central1-b/instanceGroups/gke-test10apr2022-gk-test10apr2022-gk-5b5cf860-grp"
            ],
            "management": [
              {
                "auto_repair": true,
                "auto_upgrade": true
              }
            ],
            "max_pods_per_node": null,
            "name": "test10apr2022-gke-node-pool",
            "name_prefix": "",
            "node_config": [
              {
                "boot_disk_kms_key": "",
                "disk_size_gb": 100,
                "disk_type": "pd-standard",
                "gcfs_config": [],
                "guest_accelerator": [],
                "gvnic": [],
                "image_type": "COS_CONTAINERD",
                "labels": {
                  "custom": "gkestest",
                  "env": "test10apr2022"
                },
                "local_ssd_count": 0,
                "machine_type": "n1-standard-1",
                "metadata": {
                  "disable-legacy-endpoints": "true"
                },
                "min_cpu_platform": "",
                "node_group": "",
                "oauth_scopes": [
                  "https://www.googleapis.com/auth/logging.write",
                  "https://www.googleapis.com/auth/monitoring"
                ],
                "preemptible": true,
                "service_account": "default",
                "shielded_instance_config": [
                  {
                    "enable_integrity_monitoring": true,
                    "enable_secure_boot": false
                  }
                ],
                "tags": [
                  "gke-node",
                  "test10apr2022-gke"
                ],
                "taint": [],
                "workload_metadata_config": []
              }
            ],
            "node_count": 2,
            "node_locations": [
              "us-central1-b"
            ],
            "operation": null,
            "project": "test10apr2022",
            "timeouts": null,
            "upgrade_settings": [
              {
                "max_surge": 1,
                "max_unavailable": 0
              }
            ],
            "version": "1.22.8-gke.201"
          },
          "sensitive_attributes": [],
          "private": "eyJlMmJmYjczMC1lY2FhLTExZTYtOGY4OC0zNDM2M2JjN2M0YzAiOnsiY3JlYXRlIjoxODAwMDAwMDAwMDAwLCJkZWxldGUiOjE4MDAwMDAwMDAwMDAsInVwZGF0ZSI6MTgwMDAwMDAwMDAwMH0sInNjaGVtYV92ZXJzaW9uIjoiMSJ9",
          "dependencies": [
            "google_container_cluster.primary"
          ]
        }
      ]
    }
  ]
}
